
Microsoft Visual Studio Solution File, Format Version 12.00
# Visual Studio 14
VisualStudioVersion = 14.0.23107.0
MinimumVisualStudioVersion = 10.0.40219.1
Project("{FAE04EC0-301F-11D3-BF4B-00C04F79EFBC}") = "BrakePedal.Redis", "BrakePedal.Redis\BrakePedal.Redis.csproj", "{F2DCB6D2-AC23-4740-BC6F-C3A09D3834AE}"
EndProject
Project("{FAE04EC0-301F-11D3-BF4B-00C04F79EFBC}") = "BrakePedal", "BrakePedal\BrakePedal.csproj", "{C3A38D23-1F08-4958-B123-C1CB8255089B}"
EndProject
Project("{FAE04EC0-301F-11D3-BF4B-00C04F79EFBC}") = "BrakePedal.Http", "BrakePedal.Http\BrakePedal.Http.csproj", "{B70119AB-1278-43BF-9E2F-C4A4DA1D8AE8}"
EndProject
Project("{FAE04EC0-301F-11D3-BF4B-00C04F79EFBC}") = "BrakePedal.Tests", "BrakePedal.Tests\BrakePedal.Tests.csproj", "{7240229A-F82F-4462-B1BC-C1C7868A0BDA}"
EndProject
Global
	GlobalSection(SolutionConfigurationPlatforms) = preSolution
		Debug|Any CPU = Debug|Any CPU
		Release|Any CPU = Release|Any CPU
	EndGlobalSection
	GlobalSection(ProjectConfigurationPlatforms) = postSolution
		{F2DCB6D2-AC23-4740-BC6F-C3A09D3834AE}.Debug|Any CPU.ActiveCfg = Debug|Any CPU
		{F2DCB6D2-AC23-4740-BC6F-C3A09D3834AE}.Debug|Any CPU.Build.0 = Debug|Any CPU
		{F2DCB6D2-AC23-4740-BC6F-C3A09D3834AE}.Release|Any CPU.ActiveCfg = Release|Any CPU
		{F2DCB6D2-AC23-4740-BC6F-C3A09D3834AE}.Release|Any CPU.Build.0 = Release|Any CPU
		{C3A38D23-1F08-4958-B123-C1CB8255089B}.Debug|Any CPU.ActiveCfg = Debug|Any CPU
		{C3A38D23-1F08-4958-B123-C1CB8255089B}.Debug|Any CPU.Build.0 = Debug|Any CPU
		{C3A38D23-1F08-4958-B123-C1CB8255089B}.Release|Any CPU.ActiveCfg = Release|Any CPU
		{C3A38D23-1F08-4958-B123-C1CB8255089B}.Release|Any CPU.Build.0 = Release|Any CPU
		{B70119AB-1278-43BF-9E2F-C4A4DA1D8AE8}.Debug|Any CPU.ActiveCfg = Debug|Any CPU
		{B70119AB-1278-43BF-9E2F-C4A4DA1D8AE8}.Debug|Any CPU.Build.0 = Debug|Any CPU
		{B70119AB-1278-43BF-9E2F-C4A4DA1D8AE8}.Release|Any CPU.ActiveCfg = Release|Any CPU
		{B70119AB-1278-43BF-9E2F-C4A4DA1D8AE8}.Release|Any CPU.Build.0 = Release|Any CPU
		{7240229A-F82F-4462-B1BC-C1C7868A0BDA}.Debug|Any CPU.ActiveCfg = Debug|Any CPU
		{7240229A-F82F-4462-B1BC-C1C7868A0BDA}.Debug|Any CPU.Build.0 = Debug|Any CPU
		{7240229A-F82F-4462-B1BC-C1C7868A0BDA}.Release|Any CPU.ActiveCfg = Release|Any CPU
		{7240229A-F82F-4462-B1BC-C1C7868A0BDA}.Release|Any CPU.Build.0 = Release|Any CPU
	EndGlobalSection
	GlobalSection(SolutionProperties) = preSolution
		HideSolutionNode = FALSE
	EndGlobalSection
EndGlobal
